{
  "originHash" : "702fa9eccc1b75a34516248fd79b30dfc957957e1170a1e36d1f5634a2f9fa76",
  "pins" : [
    {
      "identity" : "llama.cpp",
      "kind" : "remoteSourceControl",
      "location" : "https://github.com/ggerganov/llama.cpp/",
      "state" : {
        "revision" : "cda0e4b648dde8fac162b3430b14a99597d3d74f"
      }
    },
    {
      "identity" : "llm.swift",
      "kind" : "remoteSourceControl",
      "location" : "https://github.com/eastriverlee/LLM.swift",
      "state" : {
        "branch" : "pinned",
        "revision" : "48546489c46c8d116a320ad6bc031bbd714fd8c0"
      }
    }
  ],
  "version" : 3
}
